
Microsoft Visual Studio Solution File, Format Version 12.00
# Visual Studio 14
VisualStudioVersion = 14.0.25420.1
MinimumVisualStudioVersion = 10.0.40219.1
Project("{FAE04EC0-301F-11D3-BF4B-00C04F79EFBC}") = "PDM.Win", "PDM.Win\PDM.Win.csproj", "{1F7F0E5D-43CD-4DF1-A66F-EC4AB70B1E46}"
EndProject
Project("{2150E333-8FDC-42A3-9474-1A3956D46DE8}") = "Data", "Data", "{B19DC768-7AEC-4FDC-A592-4D94F06F591D}"
EndProject
Project("{2150E333-8FDC-42A3-9474-1A3956D46DE8}") = "Business", "Business", "{100C118D-7CD1-4D1A-B231-EF431484693C}"
EndProject
Project("{2150E333-8FDC-42A3-9474-1A3956D46DE8}") = "UI", "UI", "{BD4BF86C-BCBE-4F54-A9FF-3939519F8AC8}"
EndProject
Project("{FAE04EC0-301F-11D3-BF4B-00C04F79EFBC}") = "PDM.Data.Dto", "Data\PDM.Data.Dto\PDM.Data.Dto.csproj", "{11EACD8D-8781-4F0A-80B2-1B66A24BB0AC}"
EndProject
Project("{FAE04EC0-301F-11D3-BF4B-00C04F79EFBC}") = "PDM.Data.Mapper", "Data\PDM.Data.Mapper\PDM.Data.Mapper.csproj", "{B5749338-C09E-4276-BED9-971323933984}"
EndProject
Project("{FAE04EC0-301F-11D3-BF4B-00C04F79EFBC}") = "PDM.Data.IDalc", "Data\PDM.Data.IDalc\PDM.Data.IDalc.csproj", "{25E909F6-E441-4111-84C2-2D8DC7F1BD4D}"
EndProject
Project("{FAE04EC0-301F-11D3-BF4B-00C04F79EFBC}") = "PDM.Data.Common", "Data\PDM.Data.Common\PDM.Data.Common.csproj", "{BFABC69B-3F3C-4EC6-BEA8-BD43A96D6964}"
EndProject
Project("{FAE04EC0-301F-11D3-BF4B-00C04F79EFBC}") = "PDM.Data.Dalc", "Data\PDM.Data.Dalc\PDM.Data.Dalc.csproj", "{D2415D1B-E87F-46A8-8AE8-E2245E38CA53}"
EndProject
Project("{FAE04EC0-301F-11D3-BF4B-00C04F79EFBC}") = "PDM.Business.Entities", "Business\PDM.Business.Entities\PDM.Business.Entities.csproj", "{BEAAAD1B-8FB8-44AE-931F-DA2B63672385}"
EndProject
Project("{FAE04EC0-301F-11D3-BF4B-00C04F79EFBC}") = "PDM.Business.IBalc", "Business\PDM.Business.IBalc\PDM.Business.IBalc.csproj", "{4A683FF2-1B7A-4C16-9614-21B41E4AE7B5}"
EndProject
Project("{FAE04EC0-301F-11D3-BF4B-00C04F79EFBC}") = "PDM.Business.Balc", "Business\PDM.Business.Balc\PDM.Business.Balc.csproj", "{357EC9D6-11CD-48E5-8EE5-507E0EC884C2}"
EndProject
Project("{FAE04EC0-301F-11D3-BF4B-00C04F79EFBC}") = "PDM.Business.Mapper", "Business\PDM.Business.Mapper\PDM.Business.Mapper.csproj", "{345F3FC3-564A-415F-98C9-0D726BA665DF}"
EndProject
Project("{FAE04EC0-301F-11D3-BF4B-00C04F79EFBC}") = "PDM.UI.Entities", "UI\PDM.UI.Entities\PDM.UI.Entities.csproj", "{79CE0607-095E-4A3E-8140-F9A8DFA3836A}"
EndProject
Project("{FAE04EC0-301F-11D3-BF4B-00C04F79EFBC}") = "PDM.UI.Mapper", "UI\PDM.UI.Mapper\PDM.UI.Mapper.csproj", "{01899D53-08E1-4A75-94C0-FC9ED7C6CE2F}"
EndProject
Project("{FAE04EC0-301F-11D3-BF4B-00C04F79EFBC}") = "PDM.UI.Common", "UI\PDM.UI.Common\PDM.UI.Common.csproj", "{1772E832-1AC9-4605-AC30-B0E11F0BCE09}"
EndProject
Project("{2150E333-8FDC-42A3-9474-1A3956D46DE8}") = "Solution Items", "Solution Items", "{7FC85D7F-ACE5-4BCC-A180-D0858E3213F1}"
	ProjectSection(SolutionItems) = preProject
		..\..\..\..\APPDATA\LOCAL\MICROSOFT\VISUALSTUDIO\14.0\EXTENSIONS\Q4IPFJWX.RVD\description.html = ..\..\..\..\APPDATA\LOCAL\MICROSOFT\VISUALSTUDIO\14.0\EXTENSIONS\Q4IPFJWX.RVD\description.html
	EndProjectSection
EndProject
Global
	GlobalSection(SolutionConfigurationPlatforms) = preSolution
		Debug|Any CPU = Debug|Any CPU
		Release|Any CPU = Release|Any CPU
	EndGlobalSection
	GlobalSection(ProjectConfigurationPlatforms) = postSolution
		{1F7F0E5D-43CD-4DF1-A66F-EC4AB70B1E46}.Debug|Any CPU.ActiveCfg = Debug|Any CPU
		{1F7F0E5D-43CD-4DF1-A66F-EC4AB70B1E46}.Debug|Any CPU.Build.0 = Debug|Any CPU
		{1F7F0E5D-43CD-4DF1-A66F-EC4AB70B1E46}.Release|Any CPU.ActiveCfg = Release|Any CPU
		{1F7F0E5D-43CD-4DF1-A66F-EC4AB70B1E46}.Release|Any CPU.Build.0 = Release|Any CPU
		{11EACD8D-8781-4F0A-80B2-1B66A24BB0AC}.Debug|Any CPU.ActiveCfg = Debug|Any CPU
		{11EACD8D-8781-4F0A-80B2-1B66A24BB0AC}.Debug|Any CPU.Build.0 = Debug|Any CPU
		{11EACD8D-8781-4F0A-80B2-1B66A24BB0AC}.Release|Any CPU.ActiveCfg = Release|Any CPU
		{11EACD8D-8781-4F0A-80B2-1B66A24BB0AC}.Release|Any CPU.Build.0 = Release|Any CPU
		{B5749338-C09E-4276-BED9-971323933984}.Debug|Any CPU.ActiveCfg = Debug|Any CPU
		{B5749338-C09E-4276-BED9-971323933984}.Debug|Any CPU.Build.0 = Debug|Any CPU
		{B5749338-C09E-4276-BED9-971323933984}.Release|Any CPU.ActiveCfg = Release|Any CPU
		{B5749338-C09E-4276-BED9-971323933984}.Release|Any CPU.Build.0 = Release|Any CPU
		{25E909F6-E441-4111-84C2-2D8DC7F1BD4D}.Debug|Any CPU.ActiveCfg = Debug|Any CPU
		{25E909F6-E441-4111-84C2-2D8DC7F1BD4D}.Debug|Any CPU.Build.0 = Debug|Any CPU
		{25E909F6-E441-4111-84C2-2D8DC7F1BD4D}.Release|Any CPU.ActiveCfg = Release|Any CPU
		{25E909F6-E441-4111-84C2-2D8DC7F1BD4D}.Release|Any CPU.Build.0 = Release|Any CPU
		{BFABC69B-3F3C-4EC6-BEA8-BD43A96D6964}.Debug|Any CPU.ActiveCfg = Debug|Any CPU
		{BFABC69B-3F3C-4EC6-BEA8-BD43A96D6964}.Debug|Any CPU.Build.0 = Debug|Any CPU
		{BFABC69B-3F3C-4EC6-BEA8-BD43A96D6964}.Release|Any CPU.ActiveCfg = Release|Any CPU
		{BFABC69B-3F3C-4EC6-BEA8-BD43A96D6964}.Release|Any CPU.Build.0 = Release|Any CPU
		{D2415D1B-E87F-46A8-8AE8-E2245E38CA53}.Debug|Any CPU.ActiveCfg = Debug|Any CPU
		{D2415D1B-E87F-46A8-8AE8-E2245E38CA53}.Debug|Any CPU.Build.0 = Debug|Any CPU
		{D2415D1B-E87F-46A8-8AE8-E2245E38CA53}.Release|Any CPU.ActiveCfg = Release|Any CPU
		{D2415D1B-E87F-46A8-8AE8-E2245E38CA53}.Release|Any CPU.Build.0 = Release|Any CPU
		{BEAAAD1B-8FB8-44AE-931F-DA2B63672385}.Debug|Any CPU.ActiveCfg = Debug|Any CPU
		{BEAAAD1B-8FB8-44AE-931F-DA2B63672385}.Debug|Any CPU.Build.0 = Debug|Any CPU
		{BEAAAD1B-8FB8-44AE-931F-DA2B63672385}.Release|Any CPU.ActiveCfg = Release|Any CPU
		{BEAAAD1B-8FB8-44AE-931F-DA2B63672385}.Release|Any CPU.Build.0 = Release|Any CPU
		{4A683FF2-1B7A-4C16-9614-21B41E4AE7B5}.Debug|Any CPU.ActiveCfg = Debug|Any CPU
		{4A683FF2-1B7A-4C16-9614-21B41E4AE7B5}.Debug|Any CPU.Build.0 = Debug|Any CPU
		{4A683FF2-1B7A-4C16-9614-21B41E4AE7B5}.Release|Any CPU.ActiveCfg = Release|Any CPU
		{4A683FF2-1B7A-4C16-9614-21B41E4AE7B5}.Release|Any CPU.Build.0 = Release|Any CPU
		{357EC9D6-11CD-48E5-8EE5-507E0EC884C2}.Debug|Any CPU.ActiveCfg = Debug|Any CPU
		{357EC9D6-11CD-48E5-8EE5-507E0EC884C2}.Debug|Any CPU.Build.0 = Debug|Any CPU
		{357EC9D6-11CD-48E5-8EE5-507E0EC884C2}.Release|Any CPU.ActiveCfg = Release|Any CPU
		{357EC9D6-11CD-48E5-8EE5-507E0EC884C2}.Release|Any CPU.Build.0 = Release|Any CPU
		{345F3FC3-564A-415F-98C9-0D726BA665DF}.Debug|Any CPU.ActiveCfg = Debug|Any CPU
		{345F3FC3-564A-415F-98C9-0D726BA665DF}.Debug|Any CPU.Build.0 = Debug|Any CPU
		{345F3FC3-564A-415F-98C9-0D726BA665DF}.Release|Any CPU.ActiveCfg = Release|Any CPU
		{345F3FC3-564A-415F-98C9-0D726BA665DF}.Release|Any CPU.Build.0 = Release|Any CPU
		{79CE0607-095E-4A3E-8140-F9A8DFA3836A}.Debug|Any CPU.ActiveCfg = Debug|Any CPU
		{79CE0607-095E-4A3E-8140-F9A8DFA3836A}.Debug|Any CPU.Build.0 = Debug|Any CPU
		{79CE0607-095E-4A3E-8140-F9A8DFA3836A}.Release|Any CPU.ActiveCfg = Release|Any CPU
		{79CE0607-095E-4A3E-8140-F9A8DFA3836A}.Release|Any CPU.Build.0 = Release|Any CPU
		{01899D53-08E1-4A75-94C0-FC9ED7C6CE2F}.Debug|Any CPU.ActiveCfg = Debug|Any CPU
		{01899D53-08E1-4A75-94C0-FC9ED7C6CE2F}.Debug|Any CPU.Build.0 = Debug|Any CPU
		{01899D53-08E1-4A75-94C0-FC9ED7C6CE2F}.Release|Any CPU.ActiveCfg = Release|Any CPU
		{01899D53-08E1-4A75-94C0-FC9ED7C6CE2F}.Release|Any CPU.Build.0 = Release|Any CPU
		{1772E832-1AC9-4605-AC30-B0E11F0BCE09}.Debug|Any CPU.ActiveCfg = Debug|Any CPU
		{1772E832-1AC9-4605-AC30-B0E11F0BCE09}.Debug|Any CPU.Build.0 = Debug|Any CPU
		{1772E832-1AC9-4605-AC30-B0E11F0BCE09}.Release|Any CPU.ActiveCfg = Release|Any CPU
		{1772E832-1AC9-4605-AC30-B0E11F0BCE09}.Release|Any CPU.Build.0 = Release|Any CPU
	EndGlobalSection
	GlobalSection(SolutionProperties) = preSolution
		HideSolutionNode = FALSE
	EndGlobalSection
	GlobalSection(NestedProjects) = preSolution
		{11EACD8D-8781-4F0A-80B2-1B66A24BB0AC} = {B19DC768-7AEC-4FDC-A592-4D94F06F591D}
		{B5749338-C09E-4276-BED9-971323933984} = {B19DC768-7AEC-4FDC-A592-4D94F06F591D}
		{25E909F6-E441-4111-84C2-2D8DC7F1BD4D} = {B19DC768-7AEC-4FDC-A592-4D94F06F591D}
		{BFABC69B-3F3C-4EC6-BEA8-BD43A96D6964} = {B19DC768-7AEC-4FDC-A592-4D94F06F591D}
		{D2415D1B-E87F-46A8-8AE8-E2245E38CA53} = {B19DC768-7AEC-4FDC-A592-4D94F06F591D}
		{BEAAAD1B-8FB8-44AE-931F-DA2B63672385} = {100C118D-7CD1-4D1A-B231-EF431484693C}
		{4A683FF2-1B7A-4C16-9614-21B41E4AE7B5} = {100C118D-7CD1-4D1A-B231-EF431484693C}
		{357EC9D6-11CD-48E5-8EE5-507E0EC884C2} = {100C118D-7CD1-4D1A-B231-EF431484693C}
		{345F3FC3-564A-415F-98C9-0D726BA665DF} = {100C118D-7CD1-4D1A-B231-EF431484693C}
		{79CE0607-095E-4A3E-8140-F9A8DFA3836A} = {BD4BF86C-BCBE-4F54-A9FF-3939519F8AC8}
		{01899D53-08E1-4A75-94C0-FC9ED7C6CE2F} = {BD4BF86C-BCBE-4F54-A9FF-3939519F8AC8}
		{1772E832-1AC9-4605-AC30-B0E11F0BCE09} = {BD4BF86C-BCBE-4F54-A9FF-3939519F8AC8}
	EndGlobalSection
EndGlobal
