
Microsoft Visual Studio Solution File, Format Version 12.00
# Visual Studio 14
VisualStudioVersion = 14.0.25420.1
MinimumVisualStudioVersion = 10.0.40219.1
Project("{FAE04EC0-301F-11D3-BF4B-00C04F79EFBC}") = "LagerverwaltungBL", "LagerverwaltungBL\LagerverwaltungBL.csproj", "{A09E90A1-4FAB-4C03-AD89-75E8CE48A82A}"
EndProject
Project("{FAE04EC0-301F-11D3-BF4B-00C04F79EFBC}") = "TestProject", "TestProject\TestProject.csproj", "{81D2D749-DF81-4D2F-B549-79E98BFA28D1}"
EndProject
Global
	GlobalSection(SolutionConfigurationPlatforms) = preSolution
		Debug|Any CPU = Debug|Any CPU
		Release|Any CPU = Release|Any CPU
	EndGlobalSection
	GlobalSection(ProjectConfigurationPlatforms) = postSolution
		{A09E90A1-4FAB-4C03-AD89-75E8CE48A82A}.Debug|Any CPU.ActiveCfg = Debug|Any CPU
		{A09E90A1-4FAB-4C03-AD89-75E8CE48A82A}.Debug|Any CPU.Build.0 = Debug|Any CPU
		{A09E90A1-4FAB-4C03-AD89-75E8CE48A82A}.Release|Any CPU.ActiveCfg = Release|Any CPU
		{A09E90A1-4FAB-4C03-AD89-75E8CE48A82A}.Release|Any CPU.Build.0 = Release|Any CPU
		{81D2D749-DF81-4D2F-B549-79E98BFA28D1}.Debug|Any CPU.ActiveCfg = Debug|Any CPU
		{81D2D749-DF81-4D2F-B549-79E98BFA28D1}.Debug|Any CPU.Build.0 = Debug|Any CPU
		{81D2D749-DF81-4D2F-B549-79E98BFA28D1}.Release|Any CPU.ActiveCfg = Release|Any CPU
		{81D2D749-DF81-4D2F-B549-79E98BFA28D1}.Release|Any CPU.Build.0 = Release|Any CPU
	EndGlobalSection
	GlobalSection(SolutionProperties) = preSolution
		HideSolutionNode = FALSE
	EndGlobalSection
EndGlobal
